
Microsoft Visual Studio Solution File, Format Version 12.00
# Visual Studio Version 17
VisualStudioVersion = 17.13.35931.197 d17.13
MinimumVisualStudioVersion = 10.0.40219.1
Project("{FAE04EC0-301F-11D3-BF4B-00C04F79EFBC}") = "Last", "Last\Last.csproj", "{472B55E2-0056-4AD7-9192-7686EC0B0A64}"
EndProject
Global
	GlobalSection(SolutionConfigurationPlatforms) = preSolution
		Debug|Any CPU = Debug|Any CPU
		Release|Any CPU = Release|Any CPU
	EndGlobalSection
	GlobalSection(ProjectConfigurationPlatforms) = postSolution
		{472B55E2-0056-4AD7-9192-7686EC0B0A64}.Debug|Any CPU.ActiveCfg = Debug|Any CPU
		{472B55E2-0056-4AD7-9192-7686EC0B0A64}.Debug|Any CPU.Build.0 = Debug|Any CPU
		{472B55E2-0056-4AD7-9192-7686EC0B0A64}.Release|Any CPU.ActiveCfg = Release|Any CPU
		{472B55E2-0056-4AD7-9192-7686EC0B0A64}.Release|Any CPU.Build.0 = Release|Any CPU
	EndGlobalSection
	GlobalSection(SolutionProperties) = preSolution
		HideSolutionNode = FALSE
	EndGlobalSection
	GlobalSection(ExtensibilityGlobals) = postSolution
		SolutionGuid = {FC5F2C24-855B-483F-96A0-C9F788302C32}
	EndGlobalSection
EndGlobal
